
Microsoft Visual Studio Solution File, Format Version 12.00
# Visual Studio Version 17
VisualStudioVersion = 17.1.32407.343
MinimumVisualStudioVersion = 10.0.40219.1
Project("{8BC9CEB8-8B4A-11D0-8D11-00A0C91BC942}") = "SEM1-LR8", "SEM1-LR8\SEM1-LR8.vcxproj", "{13489520-E66B-432C-8348-6D49A7AD3087}"
EndProject
Project("{8BC9CEB8-8B4A-11D0-8D11-00A0C91BC942}") = "SEM1-LR9", "SEM1-LR9\SEM1-LR9.vcxproj", "{22731F2C-CF56-4712-8784-6C9FAD186263}"
EndProject
Project("{8BC9CEB8-8B4A-11D0-8D11-00A0C91BC942}") = "SEM3-LR1", "SEM3-LR1\SEM3-LR1.vcxproj", "{0208B6E4-5D88-4F70-B460-EB18EA0571E4}"
EndProject
Project("{8BC9CEB8-8B4A-11D0-8D11-00A0C91BC942}") = "SEM3-LR2", "SEM3-LR2\SEM3-LR2.vcxproj", "{1011E05F-0A75-4C3B-BD91-C31914812D86}"
EndProject
Project("{8BC9CEB8-8B4A-11D0-8D11-00A0C91BC942}") = "SEM3-LR3", "SEM3-LR3\SEM3-LR3.vcxproj", "{88693A5C-CAD3-44B3-89A6-FE9CF23CD9DE}"
EndProject
Project("{FAE04EC0-301F-11D3-BF4B-00C04F79EFBC}") = "SEM4-LR3", "SEM4-LR3\SEM4-LR3.csproj", "{168013DE-64D1-4E20-A268-6E42D8756D96}"
EndProject
Project("{FAE04EC0-301F-11D3-BF4B-00C04F79EFBC}") = "SEM4-LR4", "SEM4-LR4\SEM4-LR4.csproj", "{B18174C2-D489-4DF1-AC7B-BAF9982C1511}"
EndProject
Project("{8BC9CEB8-8B4A-11D0-8D11-00A0C91BC942}") = "SEM3-LR4", "SEM3-LR4\SEM3-LR4.vcxproj", "{4A12D2CD-476F-4324-B9AB-65D7499C19A9}"
EndProject
Project("{8BC9CEB8-8B4A-11D0-8D11-00A0C91BC942}") = "SEM3-LR5", "SEM3-LR5\SEM3-LR5.vcxproj", "{FD255268-6CE5-46CA-A0A0-376557A55A06}"
EndProject
Project("{8BC9CEB8-8B4A-11D0-8D11-00A0C91BC942}") = "SEM3-LR6", "SEM3-LR6\SEM3-LR6.vcxproj", "{FE4751B2-3ADA-4AD5-B41A-C0DC30E23801}"
EndProject
Project("{8BC9CEB8-8B4A-11D0-8D11-00A0C91BC942}") = "SEM3-LR7", "SEM3-LR7\SEM3-LR7.vcxproj", "{ACC0325C-E241-4E90-A0F6-46AFAC966790}"
EndProject
Project("{8BC9CEB8-8B4A-11D0-8D11-00A0C91BC942}") = "SEM4-LR1", "SEM4-LR1\SEM4-LR1.vcxproj", "{5612D588-3867-4142-8CFF-1F84AB74060D}"
EndProject
Project("{8BC9CEB8-8B4A-11D0-8D11-00A0C91BC942}") = "SEM4-LR2", "SEM4-LR2\SEM4-LR2.vcxproj", "{127CDE7B-C7C2-4FB7-A0E2-E0DEA08319E9}"
EndProject
Project("{FAE04EC0-301F-11D3-BF4B-00C04F79EFBC}") = "SEM4-LR5", "SEM4-LR5\SEM4-LR5.csproj", "{06C3795C-BF33-4333-B936-92D42C22FDC2}"
EndProject
Project("{2150E333-8FDC-42A3-9474-1A3956D46DE8}") = "Semester 4", "Semester 4", "{B4A61843-C6E0-4BFE-8910-547955A1EF84}"
EndProject
Project("{2150E333-8FDC-42A3-9474-1A3956D46DE8}") = "Semester 3", "Semester 3", "{F91ECD1B-FB7E-4741-AC8F-C407DC01FDAE}"
EndProject
Project("{2150E333-8FDC-42A3-9474-1A3956D46DE8}") = "Semester 1", "Semester 1", "{F7498935-7BA0-41A6-9793-4767BC8B7EDA}"
EndProject
Global
	GlobalSection(SolutionConfigurationPlatforms) = preSolution
		Debug|Any CPU = Debug|Any CPU
		Debug|x64 = Debug|x64
		Debug|x86 = Debug|x86
		Release|Any CPU = Release|Any CPU
		Release|x64 = Release|x64
		Release|x86 = Release|x86
	EndGlobalSection
	GlobalSection(ProjectConfigurationPlatforms) = postSolution
		{13489520-E66B-432C-8348-6D49A7AD3087}.Debug|Any CPU.ActiveCfg = Debug|x64
		{13489520-E66B-432C-8348-6D49A7AD3087}.Debug|Any CPU.Build.0 = Debug|x64
		{13489520-E66B-432C-8348-6D49A7AD3087}.Debug|x64.ActiveCfg = Debug|x64
		{13489520-E66B-432C-8348-6D49A7AD3087}.Debug|x64.Build.0 = Debug|x64
		{13489520-E66B-432C-8348-6D49A7AD3087}.Debug|x86.ActiveCfg = Debug|Win32
		{13489520-E66B-432C-8348-6D49A7AD3087}.Debug|x86.Build.0 = Debug|Win32
		{13489520-E66B-432C-8348-6D49A7AD3087}.Release|Any CPU.ActiveCfg = Release|x64
		{13489520-E66B-432C-8348-6D49A7AD3087}.Release|Any CPU.Build.0 = Release|x64
		{13489520-E66B-432C-8348-6D49A7AD3087}.Release|x64.ActiveCfg = Release|x64
		{13489520-E66B-432C-8348-6D49A7AD3087}.Release|x64.Build.0 = Release|x64
		{13489520-E66B-432C-8348-6D49A7AD3087}.Release|x86.ActiveCfg = Release|Win32
		{13489520-E66B-432C-8348-6D49A7AD3087}.Release|x86.Build.0 = Release|Win32
		{22731F2C-CF56-4712-8784-6C9FAD186263}.Debug|Any CPU.ActiveCfg = Debug|x64
		{22731F2C-CF56-4712-8784-6C9FAD186263}.Debug|Any CPU.Build.0 = Debug|x64
		{22731F2C-CF56-4712-8784-6C9FAD186263}.Debug|x64.ActiveCfg = Debug|x64
		{22731F2C-CF56-4712-8784-6C9FAD186263}.Debug|x64.Build.0 = Debug|x64
		{22731F2C-CF56-4712-8784-6C9FAD186263}.Debug|x86.ActiveCfg = Debug|Win32
		{22731F2C-CF56-4712-8784-6C9FAD186263}.Debug|x86.Build.0 = Debug|Win32
		{22731F2C-CF56-4712-8784-6C9FAD186263}.Release|Any CPU.ActiveCfg = Release|x64
		{22731F2C-CF56-4712-8784-6C9FAD186263}.Release|Any CPU.Build.0 = Release|x64
		{22731F2C-CF56-4712-8784-6C9FAD186263}.Release|x64.ActiveCfg = Release|x64
		{22731F2C-CF56-4712-8784-6C9FAD186263}.Release|x64.Build.0 = Release|x64
		{22731F2C-CF56-4712-8784-6C9FAD186263}.Release|x86.ActiveCfg = Release|Win32
		{22731F2C-CF56-4712-8784-6C9FAD186263}.Release|x86.Build.0 = Release|Win32
		{0208B6E4-5D88-4F70-B460-EB18EA0571E4}.Debug|Any CPU.ActiveCfg = Debug|x64
		{0208B6E4-5D88-4F70-B460-EB18EA0571E4}.Debug|Any CPU.Build.0 = Debug|x64
		{0208B6E4-5D88-4F70-B460-EB18EA0571E4}.Debug|x64.ActiveCfg = Debug|x64
		{0208B6E4-5D88-4F70-B460-EB18EA0571E4}.Debug|x64.Build.0 = Debug|x64
		{0208B6E4-5D88-4F70-B460-EB18EA0571E4}.Debug|x86.ActiveCfg = Debug|Win32
		{0208B6E4-5D88-4F70-B460-EB18EA0571E4}.Debug|x86.Build.0 = Debug|Win32
		{0208B6E4-5D88-4F70-B460-EB18EA0571E4}.Release|Any CPU.ActiveCfg = Release|x64
		{0208B6E4-5D88-4F70-B460-EB18EA0571E4}.Release|Any CPU.Build.0 = Release|x64
		{0208B6E4-5D88-4F70-B460-EB18EA0571E4}.Release|x64.ActiveCfg = Release|x64
		{0208B6E4-5D88-4F70-B460-EB18EA0571E4}.Release|x64.Build.0 = Release|x64
		{0208B6E4-5D88-4F70-B460-EB18EA0571E4}.Release|x86.ActiveCfg = Release|Win32
		{0208B6E4-5D88-4F70-B460-EB18EA0571E4}.Release|x86.Build.0 = Release|Win32
		{1011E05F-0A75-4C3B-BD91-C31914812D86}.Debug|Any CPU.ActiveCfg = Debug|x64
		{1011E05F-0A75-4C3B-BD91-C31914812D86}.Debug|Any CPU.Build.0 = Debug|x64
		{1011E05F-0A75-4C3B-BD91-C31914812D86}.Debug|x64.ActiveCfg = Debug|x64
		{1011E05F-0A75-4C3B-BD91-C31914812D86}.Debug|x64.Build.0 = Debug|x64
		{1011E05F-0A75-4C3B-BD91-C31914812D86}.Debug|x86.ActiveCfg = Debug|Win32
		{1011E05F-0A75-4C3B-BD91-C31914812D86}.Debug|x86.Build.0 = Debug|Win32
		{1011E05F-0A75-4C3B-BD91-C31914812D86}.Release|Any CPU.ActiveCfg = Release|x64
		{1011E05F-0A75-4C3B-BD91-C31914812D86}.Release|Any CPU.Build.0 = Release|x64
		{1011E05F-0A75-4C3B-BD91-C31914812D86}.Release|x64.ActiveCfg = Release|x64
		{1011E05F-0A75-4C3B-BD91-C31914812D86}.Release|x64.Build.0 = Release|x64
		{1011E05F-0A75-4C3B-BD91-C31914812D86}.Release|x86.ActiveCfg = Release|Win32
		{1011E05F-0A75-4C3B-BD91-C31914812D86}.Release|x86.Build.0 = Release|Win32
		{88693A5C-CAD3-44B3-89A6-FE9CF23CD9DE}.Debug|Any CPU.ActiveCfg = Debug|x64
		{88693A5C-CAD3-44B3-89A6-FE9CF23CD9DE}.Debug|Any CPU.Build.0 = Debug|x64
		{88693A5C-CAD3-44B3-89A6-FE9CF23CD9DE}.Debug|x64.ActiveCfg = Debug|x64
		{88693A5C-CAD3-44B3-89A6-FE9CF23CD9DE}.Debug|x64.Build.0 = Debug|x64
		{88693A5C-CAD3-44B3-89A6-FE9CF23CD9DE}.Debug|x86.ActiveCfg = Debug|Win32
		{88693A5C-CAD3-44B3-89A6-FE9CF23CD9DE}.Debug|x86.Build.0 = Debug|Win32
		{88693A5C-CAD3-44B3-89A6-FE9CF23CD9DE}.Release|Any CPU.ActiveCfg = Release|x64
		{88693A5C-CAD3-44B3-89A6-FE9CF23CD9DE}.Release|Any CPU.Build.0 = Release|x64
		{88693A5C-CAD3-44B3-89A6-FE9CF23CD9DE}.Release|x64.ActiveCfg = Release|x64
		{88693A5C-CAD3-44B3-89A6-FE9CF23CD9DE}.Release|x64.Build.0 = Release|x64
		{88693A5C-CAD3-44B3-89A6-FE9CF23CD9DE}.Release|x86.ActiveCfg = Release|Win32
		{88693A5C-CAD3-44B3-89A6-FE9CF23CD9DE}.Release|x86.Build.0 = Release|Win32
		{168013DE-64D1-4E20-A268-6E42D8756D96}.Debug|Any CPU.ActiveCfg = Debug|Any CPU
		{168013DE-64D1-4E20-A268-6E42D8756D96}.Debug|Any CPU.Build.0 = Debug|Any CPU
		{168013DE-64D1-4E20-A268-6E42D8756D96}.Debug|x64.ActiveCfg = Debug|Any CPU
		{168013DE-64D1-4E20-A268-6E42D8756D96}.Debug|x64.Build.0 = Debug|Any CPU
		{168013DE-64D1-4E20-A268-6E42D8756D96}.Debug|x86.ActiveCfg = Debug|Any CPU
		{168013DE-64D1-4E20-A268-6E42D8756D96}.Debug|x86.Build.0 = Debug|Any CPU
		{168013DE-64D1-4E20-A268-6E42D8756D96}.Release|Any CPU.ActiveCfg = Release|Any CPU
		{168013DE-64D1-4E20-A268-6E42D8756D96}.Release|Any CPU.Build.0 = Release|Any CPU
		{168013DE-64D1-4E20-A268-6E42D8756D96}.Release|x64.ActiveCfg = Release|Any CPU
		{168013DE-64D1-4E20-A268-6E42D8756D96}.Release|x64.Build.0 = Release|Any CPU
		{168013DE-64D1-4E20-A268-6E42D8756D96}.Release|x86.ActiveCfg = Release|Any CPU
		{168013DE-64D1-4E20-A268-6E42D8756D96}.Release|x86.Build.0 = Release|Any CPU
		{B18174C2-D489-4DF1-AC7B-BAF9982C1511}.Debug|Any CPU.ActiveCfg = Debug|Any CPU
		{B18174C2-D489-4DF1-AC7B-BAF9982C1511}.Debug|Any CPU.Build.0 = Debug|Any CPU
		{B18174C2-D489-4DF1-AC7B-BAF9982C1511}.Debug|x64.ActiveCfg = Debug|Any CPU
		{B18174C2-D489-4DF1-AC7B-BAF9982C1511}.Debug|x64.Build.0 = Debug|Any CPU
		{B18174C2-D489-4DF1-AC7B-BAF9982C1511}.Debug|x86.ActiveCfg = Debug|Any CPU
		{B18174C2-D489-4DF1-AC7B-BAF9982C1511}.Debug|x86.Build.0 = Debug|Any CPU
		{B18174C2-D489-4DF1-AC7B-BAF9982C1511}.Release|Any CPU.ActiveCfg = Release|Any CPU
		{B18174C2-D489-4DF1-AC7B-BAF9982C1511}.Release|Any CPU.Build.0 = Release|Any CPU
		{B18174C2-D489-4DF1-AC7B-BAF9982C1511}.Release|x64.ActiveCfg = Release|Any CPU
		{B18174C2-D489-4DF1-AC7B-BAF9982C1511}.Release|x64.Build.0 = Release|Any CPU
		{B18174C2-D489-4DF1-AC7B-BAF9982C1511}.Release|x86.ActiveCfg = Release|Any CPU
		{B18174C2-D489-4DF1-AC7B-BAF9982C1511}.Release|x86.Build.0 = Release|Any CPU
		{4A12D2CD-476F-4324-B9AB-65D7499C19A9}.Debug|Any CPU.ActiveCfg = Debug|x64
		{4A12D2CD-476F-4324-B9AB-65D7499C19A9}.Debug|Any CPU.Build.0 = Debug|x64
		{4A12D2CD-476F-4324-B9AB-65D7499C19A9}.Debug|x64.ActiveCfg = Debug|x64
		{4A12D2CD-476F-4324-B9AB-65D7499C19A9}.Debug|x64.Build.0 = Debug|x64
		{4A12D2CD-476F-4324-B9AB-65D7499C19A9}.Debug|x86.ActiveCfg = Debug|x64
		{4A12D2CD-476F-4324-B9AB-65D7499C19A9}.Debug|x86.Build.0 = Debug|x64
		{4A12D2CD-476F-4324-B9AB-65D7499C19A9}.Release|Any CPU.ActiveCfg = Release|x64
		{4A12D2CD-476F-4324-B9AB-65D7499C19A9}.Release|Any CPU.Build.0 = Release|x64
		{4A12D2CD-476F-4324-B9AB-65D7499C19A9}.Release|x64.ActiveCfg = Release|x64
		{4A12D2CD-476F-4324-B9AB-65D7499C19A9}.Release|x64.Build.0 = Release|x64
		{4A12D2CD-476F-4324-B9AB-65D7499C19A9}.Release|x86.ActiveCfg = Release|x64
		{4A12D2CD-476F-4324-B9AB-65D7499C19A9}.Release|x86.Build.0 = Release|x64
		{FD255268-6CE5-46CA-A0A0-376557A55A06}.Debug|Any CPU.ActiveCfg = Debug|x64
		{FD255268-6CE5-46CA-A0A0-376557A55A06}.Debug|Any CPU.Build.0 = Debug|x64
		{FD255268-6CE5-46CA-A0A0-376557A55A06}.Debug|x64.ActiveCfg = Debug|x64
		{FD255268-6CE5-46CA-A0A0-376557A55A06}.Debug|x64.Build.0 = Debug|x64
		{FD255268-6CE5-46CA-A0A0-376557A55A06}.Debug|x86.ActiveCfg = Debug|x64
		{FD255268-6CE5-46CA-A0A0-376557A55A06}.Debug|x86.Build.0 = Debug|x64
		{FD255268-6CE5-46CA-A0A0-376557A55A06}.Release|Any CPU.ActiveCfg = Release|x64
		{FD255268-6CE5-46CA-A0A0-376557A55A06}.Release|Any CPU.Build.0 = Release|x64
		{FD255268-6CE5-46CA-A0A0-376557A55A06}.Release|x64.ActiveCfg = Release|x64
		{FD255268-6CE5-46CA-A0A0-376557A55A06}.Release|x64.Build.0 = Release|x64
		{FD255268-6CE5-46CA-A0A0-376557A55A06}.Release|x86.ActiveCfg = Release|x64
		{FD255268-6CE5-46CA-A0A0-376557A55A06}.Release|x86.Build.0 = Release|x64
		{FE4751B2-3ADA-4AD5-B41A-C0DC30E23801}.Debug|Any CPU.ActiveCfg = Debug|x64
		{FE4751B2-3ADA-4AD5-B41A-C0DC30E23801}.Debug|Any CPU.Build.0 = Debug|x64
		{FE4751B2-3ADA-4AD5-B41A-C0DC30E23801}.Debug|x64.ActiveCfg = Debug|x64
		{FE4751B2-3ADA-4AD5-B41A-C0DC30E23801}.Debug|x64.Build.0 = Debug|x64
		{FE4751B2-3ADA-4AD5-B41A-C0DC30E23801}.Debug|x86.ActiveCfg = Debug|x64
		{FE4751B2-3ADA-4AD5-B41A-C0DC30E23801}.Debug|x86.Build.0 = Debug|x64
		{FE4751B2-3ADA-4AD5-B41A-C0DC30E23801}.Release|Any CPU.ActiveCfg = Release|x64
		{FE4751B2-3ADA-4AD5-B41A-C0DC30E23801}.Release|Any CPU.Build.0 = Release|x64
		{FE4751B2-3ADA-4AD5-B41A-C0DC30E23801}.Release|x64.ActiveCfg = Release|x64
		{FE4751B2-3ADA-4AD5-B41A-C0DC30E23801}.Release|x64.Build.0 = Release|x64
		{FE4751B2-3ADA-4AD5-B41A-C0DC30E23801}.Release|x86.ActiveCfg = Release|x64
		{FE4751B2-3ADA-4AD5-B41A-C0DC30E23801}.Release|x86.Build.0 = Release|x64
		{ACC0325C-E241-4E90-A0F6-46AFAC966790}.Debug|Any CPU.ActiveCfg = Debug|x64
		{ACC0325C-E241-4E90-A0F6-46AFAC966790}.Debug|Any CPU.Build.0 = Debug|x64
		{ACC0325C-E241-4E90-A0F6-46AFAC966790}.Debug|x64.ActiveCfg = Debug|x64
		{ACC0325C-E241-4E90-A0F6-46AFAC966790}.Debug|x64.Build.0 = Debug|x64
		{ACC0325C-E241-4E90-A0F6-46AFAC966790}.Debug|x86.ActiveCfg = Debug|x64
		{ACC0325C-E241-4E90-A0F6-46AFAC966790}.Debug|x86.Build.0 = Debug|x64
		{ACC0325C-E241-4E90-A0F6-46AFAC966790}.Release|Any CPU.ActiveCfg = Release|x64
		{ACC0325C-E241-4E90-A0F6-46AFAC966790}.Release|Any CPU.Build.0 = Release|x64
		{ACC0325C-E241-4E90-A0F6-46AFAC966790}.Release|x64.ActiveCfg = Release|x64
		{ACC0325C-E241-4E90-A0F6-46AFAC966790}.Release|x64.Build.0 = Release|x64
		{ACC0325C-E241-4E90-A0F6-46AFAC966790}.Release|x86.ActiveCfg = Release|x64
		{ACC0325C-E241-4E90-A0F6-46AFAC966790}.Release|x86.Build.0 = Release|x64
		{5612D588-3867-4142-8CFF-1F84AB74060D}.Debug|Any CPU.ActiveCfg = Debug|x64
		{5612D588-3867-4142-8CFF-1F84AB74060D}.Debug|Any CPU.Build.0 = Debug|x64
		{5612D588-3867-4142-8CFF-1F84AB74060D}.Debug|x64.ActiveCfg = Debug|x64
		{5612D588-3867-4142-8CFF-1F84AB74060D}.Debug|x64.Build.0 = Debug|x64
		{5612D588-3867-4142-8CFF-1F84AB74060D}.Debug|x86.ActiveCfg = Debug|x64
		{5612D588-3867-4142-8CFF-1F84AB74060D}.Debug|x86.Build.0 = Debug|x64
		{5612D588-3867-4142-8CFF-1F84AB74060D}.Release|Any CPU.ActiveCfg = Release|x64
		{5612D588-3867-4142-8CFF-1F84AB74060D}.Release|Any CPU.Build.0 = Release|x64
		{5612D588-3867-4142-8CFF-1F84AB74060D}.Release|x64.ActiveCfg = Release|x64
		{5612D588-3867-4142-8CFF-1F84AB74060D}.Release|x64.Build.0 = Release|x64
		{5612D588-3867-4142-8CFF-1F84AB74060D}.Release|x86.ActiveCfg = Release|x64
		{5612D588-3867-4142-8CFF-1F84AB74060D}.Release|x86.Build.0 = Release|x64
		{127CDE7B-C7C2-4FB7-A0E2-E0DEA08319E9}.Debug|Any CPU.ActiveCfg = Debug|x64
		{127CDE7B-C7C2-4FB7-A0E2-E0DEA08319E9}.Debug|Any CPU.Build.0 = Debug|x64
		{127CDE7B-C7C2-4FB7-A0E2-E0DEA08319E9}.Debug|x64.ActiveCfg = Debug|x64
		{127CDE7B-C7C2-4FB7-A0E2-E0DEA08319E9}.Debug|x64.Build.0 = Debug|x64
		{127CDE7B-C7C2-4FB7-A0E2-E0DEA08319E9}.Debug|x86.ActiveCfg = Debug|x64
		{127CDE7B-C7C2-4FB7-A0E2-E0DEA08319E9}.Debug|x86.Build.0 = Debug|x64
		{127CDE7B-C7C2-4FB7-A0E2-E0DEA08319E9}.Release|Any CPU.ActiveCfg = Release|x64
		{127CDE7B-C7C2-4FB7-A0E2-E0DEA08319E9}.Release|Any CPU.Build.0 = Release|x64
		{127CDE7B-C7C2-4FB7-A0E2-E0DEA08319E9}.Release|x64.ActiveCfg = Release|x64
		{127CDE7B-C7C2-4FB7-A0E2-E0DEA08319E9}.Release|x64.Build.0 = Release|x64
		{127CDE7B-C7C2-4FB7-A0E2-E0DEA08319E9}.Release|x86.ActiveCfg = Release|x64
		{127CDE7B-C7C2-4FB7-A0E2-E0DEA08319E9}.Release|x86.Build.0 = Release|x64
		{06C3795C-BF33-4333-B936-92D42C22FDC2}.Debug|Any CPU.ActiveCfg = Debug|Any CPU
		{06C3795C-BF33-4333-B936-92D42C22FDC2}.Debug|Any CPU.Build.0 = Debug|Any CPU
		{06C3795C-BF33-4333-B936-92D42C22FDC2}.Debug|x64.ActiveCfg = Debug|Any CPU
		{06C3795C-BF33-4333-B936-92D42C22FDC2}.Debug|x64.Build.0 = Debug|Any CPU
		{06C3795C-BF33-4333-B936-92D42C22FDC2}.Debug|x86.ActiveCfg = Debug|Any CPU
		{06C3795C-BF33-4333-B936-92D42C22FDC2}.Debug|x86.Build.0 = Debug|Any CPU
		{06C3795C-BF33-4333-B936-92D42C22FDC2}.Release|Any CPU.ActiveCfg = Release|Any CPU
		{06C3795C-BF33-4333-B936-92D42C22FDC2}.Release|Any CPU.Build.0 = Release|Any CPU
		{06C3795C-BF33-4333-B936-92D42C22FDC2}.Release|x64.ActiveCfg = Release|Any CPU
		{06C3795C-BF33-4333-B936-92D42C22FDC2}.Release|x64.Build.0 = Release|Any CPU
		{06C3795C-BF33-4333-B936-92D42C22FDC2}.Release|x86.ActiveCfg = Release|Any CPU
		{06C3795C-BF33-4333-B936-92D42C22FDC2}.Release|x86.Build.0 = Release|Any CPU
	EndGlobalSection
	GlobalSection(SolutionProperties) = preSolution
		HideSolutionNode = FALSE
	EndGlobalSection
	GlobalSection(NestedProjects) = preSolution
		{13489520-E66B-432C-8348-6D49A7AD3087} = {F7498935-7BA0-41A6-9793-4767BC8B7EDA}
		{22731F2C-CF56-4712-8784-6C9FAD186263} = {F7498935-7BA0-41A6-9793-4767BC8B7EDA}
		{0208B6E4-5D88-4F70-B460-EB18EA0571E4} = {F91ECD1B-FB7E-4741-AC8F-C407DC01FDAE}
		{1011E05F-0A75-4C3B-BD91-C31914812D86} = {F91ECD1B-FB7E-4741-AC8F-C407DC01FDAE}
		{88693A5C-CAD3-44B3-89A6-FE9CF23CD9DE} = {F91ECD1B-FB7E-4741-AC8F-C407DC01FDAE}
		{168013DE-64D1-4E20-A268-6E42D8756D96} = {B4A61843-C6E0-4BFE-8910-547955A1EF84}
		{B18174C2-D489-4DF1-AC7B-BAF9982C1511} = {B4A61843-C6E0-4BFE-8910-547955A1EF84}
		{4A12D2CD-476F-4324-B9AB-65D7499C19A9} = {F91ECD1B-FB7E-4741-AC8F-C407DC01FDAE}
		{FD255268-6CE5-46CA-A0A0-376557A55A06} = {F91ECD1B-FB7E-4741-AC8F-C407DC01FDAE}
		{FE4751B2-3ADA-4AD5-B41A-C0DC30E23801} = {F91ECD1B-FB7E-4741-AC8F-C407DC01FDAE}
		{ACC0325C-E241-4E90-A0F6-46AFAC966790} = {F91ECD1B-FB7E-4741-AC8F-C407DC01FDAE}
		{5612D588-3867-4142-8CFF-1F84AB74060D} = {B4A61843-C6E0-4BFE-8910-547955A1EF84}
		{127CDE7B-C7C2-4FB7-A0E2-E0DEA08319E9} = {B4A61843-C6E0-4BFE-8910-547955A1EF84}
		{06C3795C-BF33-4333-B936-92D42C22FDC2} = {B4A61843-C6E0-4BFE-8910-547955A1EF84}
	EndGlobalSection
	GlobalSection(ExtensibilityGlobals) = postSolution
		SolutionGuid = {9D78EE4C-7DE6-417C-BAF6-17A7411C7060}
	EndGlobalSection
EndGlobal
