
Microsoft Visual Studio Solution File, Format Version 12.00
# Visual Studio Version 17
VisualStudioVersion = 17.1.32407.343
MinimumVisualStudioVersion = 10.0.40219.1
Project("{8BC9CEB8-8B4A-11D0-8D11-00A0C91BC942}") = "SEM1-LR8", "SEM1-LR8\SEM1-LR8.vcxproj", "{13489520-E66B-432C-8348-6D49A7AD3087}"
EndProject
Project("{8BC9CEB8-8B4A-11D0-8D11-00A0C91BC942}") = "SEM1-LR9", "SEM1-LR9\SEM1-LR9.vcxproj", "{22731F2C-CF56-4712-8784-6C9FAD186263}"
EndProject
Project("{8BC9CEB8-8B4A-11D0-8D11-00A0C91BC942}") = "SEM3-LR1", "SEM3-LR1\SEM3-LR1.vcxproj", "{0208B6E4-5D88-4F70-B460-EB18EA0571E4}"
EndProject
Project("{8BC9CEB8-8B4A-11D0-8D11-00A0C91BC942}") = "SEM3-LR2", "SEM3-LR2\SEM3-LR2.vcxproj", "{1011E05F-0A75-4C3B-BD91-C31914812D86}"
EndProject
Project("{8BC9CEB8-8B4A-11D0-8D11-00A0C91BC942}") = "SEM3-LR3", "SEM3-LR3\SEM3-LR3.vcxproj", "{88693A5C-CAD3-44B3-89A6-FE9CF23CD9DE}"
EndProject
Project("{FAE04EC0-301F-11D3-BF4B-00C04F79EFBC}") = "SEM4-LR3", "SEM4-LR3\SEM4-LR3.csproj", "{168013DE-64D1-4E20-A268-6E42D8756D96}"
EndProject
Global
	GlobalSection(SolutionConfigurationPlatforms) = preSolution
		Debug|Any CPU = Debug|Any CPU
		Debug|x64 = Debug|x64
		Debug|x86 = Debug|x86
		Release|Any CPU = Release|Any CPU
		Release|x64 = Release|x64
		Release|x86 = Release|x86
	EndGlobalSection
	GlobalSection(ProjectConfigurationPlatforms) = postSolution
		{13489520-E66B-432C-8348-6D49A7AD3087}.Debug|Any CPU.ActiveCfg = Debug|x64
		{13489520-E66B-432C-8348-6D49A7AD3087}.Debug|Any CPU.Build.0 = Debug|x64
		{13489520-E66B-432C-8348-6D49A7AD3087}.Debug|x64.ActiveCfg = Debug|x64
		{13489520-E66B-432C-8348-6D49A7AD3087}.Debug|x64.Build.0 = Debug|x64
		{13489520-E66B-432C-8348-6D49A7AD3087}.Debug|x86.ActiveCfg = Debug|Win32
		{13489520-E66B-432C-8348-6D49A7AD3087}.Debug|x86.Build.0 = Debug|Win32
		{13489520-E66B-432C-8348-6D49A7AD3087}.Release|Any CPU.ActiveCfg = Release|x64
		{13489520-E66B-432C-8348-6D49A7AD3087}.Release|Any CPU.Build.0 = Release|x64
		{13489520-E66B-432C-8348-6D49A7AD3087}.Release|x64.ActiveCfg = Release|x64
		{13489520-E66B-432C-8348-6D49A7AD3087}.Release|x64.Build.0 = Release|x64
		{13489520-E66B-432C-8348-6D49A7AD3087}.Release|x86.ActiveCfg = Release|Win32
		{13489520-E66B-432C-8348-6D49A7AD3087}.Release|x86.Build.0 = Release|Win32
		{22731F2C-CF56-4712-8784-6C9FAD186263}.Debug|Any CPU.ActiveCfg = Debug|x64
		{22731F2C-CF56-4712-8784-6C9FAD186263}.Debug|Any CPU.Build.0 = Debug|x64
		{22731F2C-CF56-4712-8784-6C9FAD186263}.Debug|x64.ActiveCfg = Debug|x64
		{22731F2C-CF56-4712-8784-6C9FAD186263}.Debug|x64.Build.0 = Debug|x64
		{22731F2C-CF56-4712-8784-6C9FAD186263}.Debug|x86.ActiveCfg = Debug|Win32
		{22731F2C-CF56-4712-8784-6C9FAD186263}.Debug|x86.Build.0 = Debug|Win32
		{22731F2C-CF56-4712-8784-6C9FAD186263}.Release|Any CPU.ActiveCfg = Release|x64
		{22731F2C-CF56-4712-8784-6C9FAD186263}.Release|Any CPU.Build.0 = Release|x64
		{22731F2C-CF56-4712-8784-6C9FAD186263}.Release|x64.ActiveCfg = Release|x64
		{22731F2C-CF56-4712-8784-6C9FAD186263}.Release|x64.Build.0 = Release|x64
		{22731F2C-CF56-4712-8784-6C9FAD186263}.Release|x86.ActiveCfg = Release|Win32
		{22731F2C-CF56-4712-8784-6C9FAD186263}.Release|x86.Build.0 = Release|Win32
		{0208B6E4-5D88-4F70-B460-EB18EA0571E4}.Debug|Any CPU.ActiveCfg = Debug|x64
		{0208B6E4-5D88-4F70-B460-EB18EA0571E4}.Debug|Any CPU.Build.0 = Debug|x64
		{0208B6E4-5D88-4F70-B460-EB18EA0571E4}.Debug|x64.ActiveCfg = Debug|x64
		{0208B6E4-5D88-4F70-B460-EB18EA0571E4}.Debug|x64.Build.0 = Debug|x64
		{0208B6E4-5D88-4F70-B460-EB18EA0571E4}.Debug|x86.ActiveCfg = Debug|Win32
		{0208B6E4-5D88-4F70-B460-EB18EA0571E4}.Debug|x86.Build.0 = Debug|Win32
		{0208B6E4-5D88-4F70-B460-EB18EA0571E4}.Release|Any CPU.ActiveCfg = Release|x64
		{0208B6E4-5D88-4F70-B460-EB18EA0571E4}.Release|Any CPU.Build.0 = Release|x64
		{0208B6E4-5D88-4F70-B460-EB18EA0571E4}.Release|x64.ActiveCfg = Release|x64
		{0208B6E4-5D88-4F70-B460-EB18EA0571E4}.Release|x64.Build.0 = Release|x64
		{0208B6E4-5D88-4F70-B460-EB18EA0571E4}.Release|x86.ActiveCfg = Release|Win32
		{0208B6E4-5D88-4F70-B460-EB18EA0571E4}.Release|x86.Build.0 = Release|Win32
		{1011E05F-0A75-4C3B-BD91-C31914812D86}.Debug|Any CPU.ActiveCfg = Debug|x64
		{1011E05F-0A75-4C3B-BD91-C31914812D86}.Debug|Any CPU.Build.0 = Debug|x64
		{1011E05F-0A75-4C3B-BD91-C31914812D86}.Debug|x64.ActiveCfg = Debug|x64
		{1011E05F-0A75-4C3B-BD91-C31914812D86}.Debug|x64.Build.0 = Debug|x64
		{1011E05F-0A75-4C3B-BD91-C31914812D86}.Debug|x86.ActiveCfg = Debug|Win32
		{1011E05F-0A75-4C3B-BD91-C31914812D86}.Debug|x86.Build.0 = Debug|Win32
		{1011E05F-0A75-4C3B-BD91-C31914812D86}.Release|Any CPU.ActiveCfg = Release|x64
		{1011E05F-0A75-4C3B-BD91-C31914812D86}.Release|Any CPU.Build.0 = Release|x64
		{1011E05F-0A75-4C3B-BD91-C31914812D86}.Release|x64.ActiveCfg = Release|x64
		{1011E05F-0A75-4C3B-BD91-C31914812D86}.Release|x64.Build.0 = Release|x64
		{1011E05F-0A75-4C3B-BD91-C31914812D86}.Release|x86.ActiveCfg = Release|Win32
		{1011E05F-0A75-4C3B-BD91-C31914812D86}.Release|x86.Build.0 = Release|Win32
		{88693A5C-CAD3-44B3-89A6-FE9CF23CD9DE}.Debug|Any CPU.ActiveCfg = Debug|x64
		{88693A5C-CAD3-44B3-89A6-FE9CF23CD9DE}.Debug|Any CPU.Build.0 = Debug|x64
		{88693A5C-CAD3-44B3-89A6-FE9CF23CD9DE}.Debug|x64.ActiveCfg = Debug|x64
		{88693A5C-CAD3-44B3-89A6-FE9CF23CD9DE}.Debug|x64.Build.0 = Debug|x64
		{88693A5C-CAD3-44B3-89A6-FE9CF23CD9DE}.Debug|x86.ActiveCfg = Debug|Win32
		{88693A5C-CAD3-44B3-89A6-FE9CF23CD9DE}.Debug|x86.Build.0 = Debug|Win32
		{88693A5C-CAD3-44B3-89A6-FE9CF23CD9DE}.Release|Any CPU.ActiveCfg = Release|x64
		{88693A5C-CAD3-44B3-89A6-FE9CF23CD9DE}.Release|Any CPU.Build.0 = Release|x64
		{88693A5C-CAD3-44B3-89A6-FE9CF23CD9DE}.Release|x64.ActiveCfg = Release|x64
		{88693A5C-CAD3-44B3-89A6-FE9CF23CD9DE}.Release|x64.Build.0 = Release|x64
		{88693A5C-CAD3-44B3-89A6-FE9CF23CD9DE}.Release|x86.ActiveCfg = Release|Win32
		{88693A5C-CAD3-44B3-89A6-FE9CF23CD9DE}.Release|x86.Build.0 = Release|Win32
		{168013DE-64D1-4E20-A268-6E42D8756D96}.Debug|Any CPU.ActiveCfg = Debug|Any CPU
		{168013DE-64D1-4E20-A268-6E42D8756D96}.Debug|Any CPU.Build.0 = Debug|Any CPU
		{168013DE-64D1-4E20-A268-6E42D8756D96}.Debug|x64.ActiveCfg = Debug|Any CPU
		{168013DE-64D1-4E20-A268-6E42D8756D96}.Debug|x64.Build.0 = Debug|Any CPU
		{168013DE-64D1-4E20-A268-6E42D8756D96}.Debug|x86.ActiveCfg = Debug|Any CPU
		{168013DE-64D1-4E20-A268-6E42D8756D96}.Debug|x86.Build.0 = Debug|Any CPU
		{168013DE-64D1-4E20-A268-6E42D8756D96}.Release|Any CPU.ActiveCfg = Release|Any CPU
		{168013DE-64D1-4E20-A268-6E42D8756D96}.Release|Any CPU.Build.0 = Release|Any CPU
		{168013DE-64D1-4E20-A268-6E42D8756D96}.Release|x64.ActiveCfg = Release|Any CPU
		{168013DE-64D1-4E20-A268-6E42D8756D96}.Release|x64.Build.0 = Release|Any CPU
		{168013DE-64D1-4E20-A268-6E42D8756D96}.Release|x86.ActiveCfg = Release|Any CPU
		{168013DE-64D1-4E20-A268-6E42D8756D96}.Release|x86.Build.0 = Release|Any CPU
	EndGlobalSection
	GlobalSection(SolutionProperties) = preSolution
		HideSolutionNode = FALSE
	EndGlobalSection
	GlobalSection(ExtensibilityGlobals) = postSolution
		SolutionGuid = {9D78EE4C-7DE6-417C-BAF6-17A7411C7060}
	EndGlobalSection
EndGlobal
